// !$*UTF8*$!
{
	archiveVersion = 1;
	classes = {
	};
	objectVersion = 56;
	objects = {

/* Begin PBXBuildFile section */
		766770E7E15E4ED877C47944 /* Pods_Scaning.framework in Frameworks */ = {isa = PBXBuildFile; fileRef = C8921AC8FA9294DFBED780F8 /* Pods_Scaning.framework */; };
		7BBEB3362A1601AF003F5220 /* LRScaningScrollView.swift in Sources */ = {isa = PBXBuildFile; fileRef = 7BBEB3352A1601AF003F5220 /* LRScaningScrollView.swift */; };
		7BBEB3392A160428003F5220 /* LRSafeInset+Window.swift in Sources */ = {isa = PBXBuildFile; fileRef = 7BBEB3382A160428003F5220 /* LRSafeInset+Window.swift */; };
		7BBEB33C2A1605D6003F5220 /* LRViewController+extension.swift in Sources */ = {isa = PBXBuildFile; fileRef = 7BBEB33B2A1605D6003F5220 /* LRViewController+extension.swift */; };
		7BBEB33F2A1606D1003F5220 /* LRScaningEnumFile.swift in Sources */ = {isa = PBXBuildFile; fileRef = 7BBEB33E2A1606D1003F5220 /* LRScaningEnumFile.swift */; };
		7BBEB3412A161293003F5220 /* LRScaningCaptureView.swift in Sources */ = {isa = PBXBuildFile; fileRef = 7BBEB3402A161293003F5220 /* LRScaningCaptureView.swift */; };
		7BBEB3462A161740003F5220 /* Localizable.strings in Resources */ = {isa = PBXBuildFile; fileRef = 7BBEB3482A161740003F5220 /* Localizable.strings */; };
		7BBEB34E2A1617FE003F5220 /* LRLocalizableManager.swift in Sources */ = {isa = PBXBuildFile; fileRef = 7BBEB34D2A1617FE003F5220 /* LRLocalizableManager.swift */; };
		7BCE2D7529F51BA800B16495 /* AppDelegate.swift in Sources */ = {isa = PBXBuildFile; fileRef = 7BCE2D7429F51BA800B16495 /* AppDelegate.swift */; };
		7BCE2D7729F51BA800B16495 /* SceneDelegate.swift in Sources */ = {isa = PBXBuildFile; fileRef = 7BCE2D7629F51BA800B16495 /* SceneDelegate.swift */; };
		7BCE2D7C29F51BA800B16495 /* Main.storyboard in Resources */ = {isa = PBXBuildFile; fileRef = 7BCE2D7A29F51BA800B16495 /* Main.storyboard */; };
		7BCE2D7E29F51BA900B16495 /* Assets.xcassets in Resources */ = {isa = PBXBuildFile; fileRef = 7BCE2D7D29F51BA900B16495 /* Assets.xcassets */; };
		7BCE2D8129F51BA900B16495 /* LaunchScreen.storyboard in Resources */ = {isa = PBXBuildFile; fileRef = 7BCE2D7F29F51BA900B16495 /* LaunchScreen.storyboard */; };
		7BCE2D8C29F51CCA00B16495 /* LRRootViewController.swift in Sources */ = {isa = PBXBuildFile; fileRef = 7BCE2D8B29F51CCA00B16495 /* LRRootViewController.swift */; };
		7BCE2D9429F51D7600B16495 /* LRScaningViewController.swift in Sources */ = {isa = PBXBuildFile; fileRef = 7BCE2D9329F51D7600B16495 /* LRScaningViewController.swift */; };
		7BCE2D9D29F51DF500B16495 /* LRNavigationViewController.swift in Sources */ = {isa = PBXBuildFile; fileRef = 7BCE2D9C29F51DF500B16495 /* LRNavigationViewController.swift */; };
		7BCE2DA229F5271700B16495 /* Log.swift in Sources */ = {isa = PBXBuildFile; fileRef = 7BCE2DA029F5271700B16495 /* Log.swift */; };
		7BCE2DA329F5271700B16495 /* LRDDLogFileSub.swift in Sources */ = {isa = PBXBuildFile; fileRef = 7BCE2DA129F5271700B16495 /* LRDDLogFileSub.swift */; };
		7BCE2DA829F52D5400B16495 /* UIColor+Extension.swift in Sources */ = {isa = PBXBuildFile; fileRef = 7BCE2DA629F52D5400B16495 /* UIColor+Extension.swift */; };
		7BCE2DAC29F52F6F00B16495 /* LRConstant.swift in Sources */ = {isa = PBXBuildFile; fileRef = 7BCE2DAB29F52F6F00B16495 /* LRConstant.swift */; };
		7BCE2DB129F5373600B16495 /* LRVideoPlayer.swift in Sources */ = {isa = PBXBuildFile; fileRef = 7BCE2DAE29F5373600B16495 /* LRVideoPlayer.swift */; };
		7BCE2DB229F5373600B16495 /* LRLoopVideoPlayer.swift in Sources */ = {isa = PBXBuildFile; fileRef = 7BCE2DAF29F5373600B16495 /* LRLoopVideoPlayer.swift */; };
		7BCE2DB329F5373600B16495 /* LRVideoPlayView.swift in Sources */ = {isa = PBXBuildFile; fileRef = 7BCE2DB029F5373600B16495 /* LRVideoPlayView.swift */; };
		7BCE2DB729F5377E00B16495 /* Int+Extension.swift in Sources */ = {isa = PBXBuildFile; fileRef = 7BCE2DB529F5377E00B16495 /* Int+Extension.swift */; };
		7BCE2DB829F5377E00B16495 /* CMTime+Extension.swift in Sources */ = {isa = PBXBuildFile; fileRef = 7BCE2DB629F5377E00B16495 /* CMTime+Extension.swift */; };
		7BCE2DBB29F5390C00B16495 /* LRScaningPlayView.swift in Sources */ = {isa = PBXBuildFile; fileRef = 7BCE2DBA29F5390C00B16495 /* LRScaningPlayView.swift */; };
/* End PBXBuildFile section */

/* Begin PBXFileReference section */
		42E43B63414A07771B4E36B1 /* Pods-Scaning.release.xcconfig */ = {isa = PBXFileReference; includeInIndex = 1; lastKnownFileType = text.xcconfig; name = "Pods-Scaning.release.xcconfig"; path = "Target Support Files/Pods-Scaning/Pods-Scaning.release.xcconfig"; sourceTree = "<group>"; };
		7BBEB3352A1601AF003F5220 /* LRScaningScrollView.swift */ = {isa = PBXFileReference; lastKnownFileType = sourcecode.swift; path = LRScaningScrollView.swift; sourceTree = "<group>"; };
		7BBEB3382A160428003F5220 /* LRSafeInset+Window.swift */ = {isa = PBXFileReference; lastKnownFileType = sourcecode.swift; path = "LRSafeInset+Window.swift"; sourceTree = "<group>"; };
		7BBEB33B2A1605D6003F5220 /* LRViewController+extension.swift */ = {isa = PBXFileReference; lastKnownFileType = sourcecode.swift; path = "LRViewController+extension.swift"; sourceTree = "<group>"; };
		7BBEB33E2A1606D1003F5220 /* LRScaningEnumFile.swift */ = {isa = PBXFileReference; lastKnownFileType = sourcecode.swift; path = LRScaningEnumFile.swift; sourceTree = "<group>"; };
		7BBEB3402A161293003F5220 /* LRScaningCaptureView.swift */ = {isa = PBXFileReference; lastKnownFileType = sourcecode.swift; path = LRScaningCaptureView.swift; sourceTree = "<group>"; };
		7BBEB3472A161740003F5220 /* en */ = {isa = PBXFileReference; lastKnownFileType = text.plist.strings; name = en; path = en.lproj/Localizable.strings; sourceTree = "<group>"; };
		7BBEB3492A161759003F5220 /* zh-Hans */ = {isa = PBXFileReference; lastKnownFileType = text.plist.strings; name = "zh-Hans"; path = "zh-Hans.lproj/Main.strings"; sourceTree = "<group>"; };
		7BBEB34A2A161759003F5220 /* zh-Hans */ = {isa = PBXFileReference; lastKnownFileType = text.plist.strings; name = "zh-Hans"; path = "zh-Hans.lproj/LaunchScreen.strings"; sourceTree = "<group>"; };
		7BBEB34B2A16175A003F5220 /* zh-Hans */ = {isa = PBXFileReference; lastKnownFileType = text.plist.strings; name = "zh-Hans"; path = "zh-Hans.lproj/Localizable.strings"; sourceTree = "<group>"; };
		7BBEB34D2A1617FE003F5220 /* LRLocalizableManager.swift */ = {isa = PBXFileReference; fileEncoding = 4; lastKnownFileType = sourcecode.swift; path = LRLocalizableManager.swift; sourceTree = "<group>"; };
		7BCE2D7129F51BA800B16495 /* Scaning.app */ = {isa = PBXFileReference; explicitFileType = wrapper.application; includeInIndex = 0; path = Scaning.app; sourceTree = BUILT_PRODUCTS_DIR; };
		7BCE2D7429F51BA800B16495 /* AppDelegate.swift */ = {isa = PBXFileReference; lastKnownFileType = sourcecode.swift; path = AppDelegate.swift; sourceTree = "<group>"; };
		7BCE2D7629F51BA800B16495 /* SceneDelegate.swift */ = {isa = PBXFileReference; lastKnownFileType = sourcecode.swift; path = SceneDelegate.swift; sourceTree = "<group>"; };
		7BCE2D7B29F51BA800B16495 /* Base */ = {isa = PBXFileReference; lastKnownFileType = file.storyboard; name = Base; path = Base.lproj/Main.storyboard; sourceTree = "<group>"; };
		7BCE2D7D29F51BA900B16495 /* Assets.xcassets */ = {isa = PBXFileReference; lastKnownFileType = folder.assetcatalog; path = Assets.xcassets; sourceTree = "<group>"; };
		7BCE2D8029F51BA900B16495 /* Base */ = {isa = PBXFileReference; lastKnownFileType = file.storyboard; name = Base; path = Base.lproj/LaunchScreen.storyboard; sourceTree = "<group>"; };
		7BCE2D8229F51BA900B16495 /* Info.plist */ = {isa = PBXFileReference; lastKnownFileType = text.plist.xml; path = Info.plist; sourceTree = "<group>"; };
		7BCE2D8B29F51CCA00B16495 /* LRRootViewController.swift */ = {isa = PBXFileReference; lastKnownFileType = sourcecode.swift; path = LRRootViewController.swift; sourceTree = "<group>"; };
		7BCE2D9329F51D7600B16495 /* LRScaningViewController.swift */ = {isa = PBXFileReference; lastKnownFileType = sourcecode.swift; path = LRScaningViewController.swift; sourceTree = "<group>"; };
		7BCE2D9C29F51DF500B16495 /* LRNavigationViewController.swift */ = {isa = PBXFileReference; lastKnownFileType = sourcecode.swift; path = LRNavigationViewController.swift; sourceTree = "<group>"; };
		7BCE2DA029F5271700B16495 /* Log.swift */ = {isa = PBXFileReference; fileEncoding = 4; lastKnownFileType = sourcecode.swift; path = Log.swift; sourceTree = "<group>"; };
		7BCE2DA129F5271700B16495 /* LRDDLogFileSub.swift */ = {isa = PBXFileReference; fileEncoding = 4; lastKnownFileType = sourcecode.swift; path = LRDDLogFileSub.swift; sourceTree = "<group>"; };
		7BCE2DA629F52D5400B16495 /* UIColor+Extension.swift */ = {isa = PBXFileReference; fileEncoding = 4; lastKnownFileType = sourcecode.swift; path = "UIColor+Extension.swift"; sourceTree = "<group>"; };
		7BCE2DAB29F52F6F00B16495 /* LRConstant.swift */ = {isa = PBXFileReference; lastKnownFileType = sourcecode.swift; path = LRConstant.swift; sourceTree = "<group>"; };
		7BCE2DAE29F5373600B16495 /* LRVideoPlayer.swift */ = {isa = PBXFileReference; fileEncoding = 4; lastKnownFileType = sourcecode.swift; path = LRVideoPlayer.swift; sourceTree = "<group>"; };
		7BCE2DAF29F5373600B16495 /* LRLoopVideoPlayer.swift */ = {isa = PBXFileReference; fileEncoding = 4; lastKnownFileType = sourcecode.swift; path = LRLoopVideoPlayer.swift; sourceTree = "<group>"; };
		7BCE2DB029F5373600B16495 /* LRVideoPlayView.swift */ = {isa = PBXFileReference; fileEncoding = 4; lastKnownFileType = sourcecode.swift; path = LRVideoPlayView.swift; sourceTree = "<group>"; };
		7BCE2DB529F5377E00B16495 /* Int+Extension.swift */ = {isa = PBXFileReference; fileEncoding = 4; lastKnownFileType = sourcecode.swift; path = "Int+Extension.swift"; sourceTree = "<group>"; };
		7BCE2DB629F5377E00B16495 /* CMTime+Extension.swift */ = {isa = PBXFileReference; fileEncoding = 4; lastKnownFileType = sourcecode.swift; path = "CMTime+Extension.swift"; sourceTree = "<group>"; };
		7BCE2DBA29F5390C00B16495 /* LRScaningPlayView.swift */ = {isa = PBXFileReference; lastKnownFileType = sourcecode.swift; path = LRScaningPlayView.swift; sourceTree = "<group>"; };
		7FA41F9C2BFA195BF25EAE00 /* Pods-Scaning.debug.xcconfig */ = {isa = PBXFileReference; includeInIndex = 1; lastKnownFileType = text.xcconfig; name = "Pods-Scaning.debug.xcconfig"; path = "Target Support Files/Pods-Scaning/Pods-Scaning.debug.xcconfig"; sourceTree = "<group>"; };
		C8921AC8FA9294DFBED780F8 /* Pods_Scaning.framework */ = {isa = PBXFileReference; explicitFileType = wrapper.framework; includeInIndex = 0; path = Pods_Scaning.framework; sourceTree = BUILT_PRODUCTS_DIR; };
/* End PBXFileReference section */

/* Begin PBXFrameworksBuildPhase section */
		7BCE2D6E29F51BA800B16495 /* Frameworks */ = {
			isa = PBXFrameworksBuildPhase;
			buildActionMask = 2147483647;
			files = (
				766770E7E15E4ED877C47944 /* Pods_Scaning.framework in Frameworks */,
			);
			runOnlyForDeploymentPostprocessing = 0;
		};
/* End PBXFrameworksBuildPhase section */

/* Begin PBXGroup section */
		1E83D2BC2B233EAFE3738D68 /* Frameworks */ = {
			isa = PBXGroup;
			children = (
				C8921AC8FA9294DFBED780F8 /* Pods_Scaning.framework */,
			);
			name = Frameworks;
			sourceTree = "<group>";
		};
		7BBEB3372A160413003F5220 /* UIWindow */ = {
			isa = PBXGroup;
			children = (
				7BBEB3382A160428003F5220 /* LRSafeInset+Window.swift */,
			);
			path = UIWindow;
			sourceTree = "<group>";
		};
		7BBEB33A2A1605B9003F5220 /* UIViewController */ = {
			isa = PBXGroup;
			children = (
				7BBEB33B2A1605D6003F5220 /* LRViewController+extension.swift */,
			);
			path = UIViewController;
			sourceTree = "<group>";
		};
		7BBEB33D2A1606BC003F5220 /* EnumFile */ = {
			isa = PBXGroup;
			children = (
				7BBEB33E2A1606D1003F5220 /* LRScaningEnumFile.swift */,
			);
			path = EnumFile;
			sourceTree = "<group>";
		};
		7BBEB34C2A1617FE003F5220 /* LocalizableTool */ = {
			isa = PBXGroup;
			children = (
				7BBEB34D2A1617FE003F5220 /* LRLocalizableManager.swift */,
			);
			path = LocalizableTool;
			sourceTree = "<group>";
		};
		7BCE2D6829F51BA700B16495 = {
			isa = PBXGroup;
			children = (
				7BCE2D7329F51BA800B16495 /* Scaning */,
				7BCE2D7229F51BA800B16495 /* Products */,
				8954654E06945BB823362BA3 /* Pods */,
				1E83D2BC2B233EAFE3738D68 /* Frameworks */,
			);
			sourceTree = "<group>";
		};
		7BCE2D7229F51BA800B16495 /* Products */ = {
			isa = PBXGroup;
			children = (
				7BCE2D7129F51BA800B16495 /* Scaning.app */,
			);
			name = Products;
			sourceTree = "<group>";
		};
		7BCE2D7329F51BA800B16495 /* Scaning */ = {
			isa = PBXGroup;
			children = (
				7BCE2DAA29F52F5E00B16495 /* Constant */,
				7BCE2DA429F52D4900B16495 /* Extension */,
				7BCE2D9E29F5270E00B16495 /* Tool */,
				7BCE2D8829F51C1500B16495 /* Delegate */,
				7BCE2D9529F51D9600B16495 /* BaseWidget */,
				7BCE2D8A29F51CA200B16495 /* Modules */,
				7BCE2D8929F51C3500B16495 /* APPResource */,
			);
			path = Scaning;
			sourceTree = "<group>";
		};
		7BCE2D8829F51C1500B16495 /* Delegate */ = {
			isa = PBXGroup;
			children = (
				7BCE2D7429F51BA800B16495 /* AppDelegate.swift */,
				7BCE2D7629F51BA800B16495 /* SceneDelegate.swift */,
			);
			path = Delegate;
			sourceTree = "<group>";
		};
		7BCE2D8929F51C3500B16495 /* APPResource */ = {
			isa = PBXGroup;
			children = (
				7BCE2D7A29F51BA800B16495 /* Main.storyboard */,
				7BCE2D7D29F51BA900B16495 /* Assets.xcassets */,
				7BCE2D7F29F51BA900B16495 /* LaunchScreen.storyboard */,
				7BCE2D8229F51BA900B16495 /* Info.plist */,
				7BBEB3482A161740003F5220 /* Localizable.strings */,
			);
			path = APPResource;
			sourceTree = "<group>";
		};
		7BCE2D8A29F51CA200B16495 /* Modules */ = {
			isa = PBXGroup;
			children = (
				7BCE2D8D29F51D3100B16495 /* ScaningModules */,
			);
			path = Modules;
			sourceTree = "<group>";
		};
		7BCE2D8D29F51D3100B16495 /* ScaningModules */ = {
			isa = PBXGroup;
			children = (
				7BBEB33D2A1606BC003F5220 /* EnumFile */,
				7BCE2DB929F538F900B16495 /* View */,
				7BCE2D8F29F51D4E00B16495 /* VC */,
			);
			path = ScaningModules;
			sourceTree = "<group>";
		};
		7BCE2D8F29F51D4E00B16495 /* VC */ = {
			isa = PBXGroup;
			children = (
				7BCE2D9329F51D7600B16495 /* LRScaningViewController.swift */,
			);
			path = VC;
			sourceTree = "<group>";
		};
		7BCE2D9529F51D9600B16495 /* BaseWidget */ = {
			isa = PBXGroup;
			children = (
				7BCE2D9B29F51DDD00B16495 /* NavigationController */,
				7BCE2D9629F51DA400B16495 /* RootVC */,
			);
			path = BaseWidget;
			sourceTree = "<group>";
		};
		7BCE2D9629F51DA400B16495 /* RootVC */ = {
			isa = PBXGroup;
			children = (
				7BCE2D8B29F51CCA00B16495 /* LRRootViewController.swift */,
			);
			path = RootVC;
			sourceTree = "<group>";
		};
		7BCE2D9B29F51DDD00B16495 /* NavigationController */ = {
			isa = PBXGroup;
			children = (
				7BCE2D9C29F51DF500B16495 /* LRNavigationViewController.swift */,
			);
			path = NavigationController;
			sourceTree = "<group>";
		};
		7BCE2D9E29F5270E00B16495 /* Tool */ = {
			isa = PBXGroup;
			children = (
				7BBEB34C2A1617FE003F5220 /* LocalizableTool */,
				7BCE2D9F29F5271700B16495 /* Log */,
				7BCE2DAD29F5373600B16495 /* VideoPlayer */,
			);
			path = Tool;
			sourceTree = "<group>";
		};
		7BCE2D9F29F5271700B16495 /* Log */ = {
			isa = PBXGroup;
			children = (
				7BCE2DA029F5271700B16495 /* Log.swift */,
				7BCE2DA129F5271700B16495 /* LRDDLogFileSub.swift */,
			);
			path = Log;
			sourceTree = "<group>";
		};
		7BCE2DA429F52D4900B16495 /* Extension */ = {
			isa = PBXGroup;
			children = (
				7BBEB33A2A1605B9003F5220 /* UIViewController */,
				7BBEB3372A160413003F5220 /* UIWindow */,
				7BCE2DB429F5377E00B16495 /* Int */,
				7BCE2DA529F52D5400B16495 /* UIColor */,
			);
			path = Extension;
			sourceTree = "<group>";
		};
		7BCE2DA529F52D5400B16495 /* UIColor */ = {
			isa = PBXGroup;
			children = (
				7BCE2DA629F52D5400B16495 /* UIColor+Extension.swift */,
			);
			path = UIColor;
			sourceTree = "<group>";
		};
		7BCE2DAA29F52F5E00B16495 /* Constant */ = {
			isa = PBXGroup;
			children = (
				7BCE2DAB29F52F6F00B16495 /* LRConstant.swift */,
			);
			path = Constant;
			sourceTree = "<group>";
		};
		7BCE2DAD29F5373600B16495 /* VideoPlayer */ = {
			isa = PBXGroup;
			children = (
				7BCE2DAE29F5373600B16495 /* LRVideoPlayer.swift */,
				7BCE2DAF29F5373600B16495 /* LRLoopVideoPlayer.swift */,
				7BCE2DB029F5373600B16495 /* LRVideoPlayView.swift */,
			);
			path = VideoPlayer;
			sourceTree = "<group>";
		};
		7BCE2DB429F5377E00B16495 /* Int */ = {
			isa = PBXGroup;
			children = (
				7BCE2DB529F5377E00B16495 /* Int+Extension.swift */,
				7BCE2DB629F5377E00B16495 /* CMTime+Extension.swift */,
			);
			path = Int;
			sourceTree = "<group>";
		};
		7BCE2DB929F538F900B16495 /* View */ = {
			isa = PBXGroup;
			children = (
				7BCE2DBA29F5390C00B16495 /* LRScaningPlayView.swift */,
				7BBEB3402A161293003F5220 /* LRScaningCaptureView.swift */,
				7BBEB3352A1601AF003F5220 /* LRScaningScrollView.swift */,
			);
			path = View;
			sourceTree = "<group>";
		};
		8954654E06945BB823362BA3 /* Pods */ = {
			isa = PBXGroup;
			children = (
				7FA41F9C2BFA195BF25EAE00 /* Pods-Scaning.debug.xcconfig */,
				42E43B63414A07771B4E36B1 /* Pods-Scaning.release.xcconfig */,
			);
			path = Pods;
			sourceTree = "<group>";
		};
/* End PBXGroup section */

/* Begin PBXNativeTarget section */
		7BCE2D7029F51BA800B16495 /* Scaning */ = {
			isa = PBXNativeTarget;
			buildConfigurationList = 7BCE2D8529F51BA900B16495 /* Build configuration list for PBXNativeTarget "Scaning" */;
			buildPhases = (
				6E07F843C79D6E92DFB29BB5 /* [CP] Check Pods Manifest.lock */,
				7BCE2D6D29F51BA800B16495 /* Sources */,
				7BCE2D6E29F51BA800B16495 /* Frameworks */,
				7BCE2D6F29F51BA800B16495 /* Resources */,
				886331DF590451986BDFF555 /* [CP] Embed Pods Frameworks */,
			);
			buildRules = (
			);
			dependencies = (
			);
			name = Scaning;
			productName = Scaning;
			productReference = 7BCE2D7129F51BA800B16495 /* Scaning.app */;
			productType = "com.apple.product-type.application";
		};
/* End PBXNativeTarget section */

/* Begin PBXProject section */
		7BCE2D6929F51BA700B16495 /* Project object */ = {
			isa = PBXProject;
			attributes = {
				BuildIndependentTargetsInParallel = 1;
				CLASSPREFIX = LR;
				LastSwiftUpdateCheck = 1420;
				LastUpgradeCheck = 1420;
				TargetAttributes = {
					7BCE2D7029F51BA800B16495 = {
						CreatedOnToolsVersion = 14.2;
					};
				};
			};
			buildConfigurationList = 7BCE2D6C29F51BA700B16495 /* Build configuration list for PBXProject "Scaning" */;
			compatibilityVersion = "Xcode 14.0";
			developmentRegion = en;
			hasScannedForEncodings = 0;
			knownRegions = (
				en,
				Base,
				"zh-Hans",
			);
			mainGroup = 7BCE2D6829F51BA700B16495;
			productRefGroup = 7BCE2D7229F51BA800B16495 /* Products */;
			projectDirPath = "";
			projectRoot = "";
			targets = (
				7BCE2D7029F51BA800B16495 /* Scaning */,
			);
		};
/* End PBXProject section */

/* Begin PBXResourcesBuildPhase section */
		7BCE2D6F29F51BA800B16495 /* Resources */ = {
			isa = PBXResourcesBuildPhase;
			buildActionMask = 2147483647;
			files = (
				7BCE2D8129F51BA900B16495 /* LaunchScreen.storyboard in Resources */,
				7BBEB3462A161740003F5220 /* Localizable.strings in Resources */,
				7BCE2D7E29F51BA900B16495 /* Assets.xcassets in Resources */,
				7BCE2D7C29F51BA800B16495 /* Main.storyboard in Resources */,
			);
			runOnlyForDeploymentPostprocessing = 0;
		};
/* End PBXResourcesBuildPhase section */

/* Begin PBXShellScriptBuildPhase section */
		6E07F843C79D6E92DFB29BB5 /* [CP] Check Pods Manifest.lock */ = {
			isa = PBXShellScriptBuildPhase;
			buildActionMask = 2147483647;
			files = (
			);
			inputFileListPaths = (
			);
			inputPaths = (
				"${PODS_PODFILE_DIR_PATH}/Podfile.lock",
				"${PODS_ROOT}/Manifest.lock",
			);
			name = "[CP] Check Pods Manifest.lock";
			outputFileListPaths = (
			);
			outputPaths = (
				"$(DERIVED_FILE_DIR)/Pods-Scaning-checkManifestLockResult.txt",
			);
			runOnlyForDeploymentPostprocessing = 0;
			shellPath = /bin/sh;
			shellScript = "diff \"${PODS_PODFILE_DIR_PATH}/Podfile.lock\" \"${PODS_ROOT}/Manifest.lock\" > /dev/null\nif [ $? != 0 ] ; then\n    # print error to STDERR\n    echo \"error: The sandbox is not in sync with the Podfile.lock. Run 'pod install' or update your CocoaPods installation.\" >&2\n    exit 1\nfi\n# This output is used by Xcode 'outputs' to avoid re-running this script phase.\necho \"SUCCESS\" > \"${SCRIPT_OUTPUT_FILE_0}\"\n";
			showEnvVarsInLog = 0;
		};
		886331DF590451986BDFF555 /* [CP] Embed Pods Frameworks */ = {
			isa = PBXShellScriptBuildPhase;
			buildActionMask = 2147483647;
			files = (
			);
			inputFileListPaths = (
				"${PODS_ROOT}/Target Support Files/Pods-Scaning/Pods-Scaning-frameworks-${CONFIGURATION}-input-files.xcfilelist",
			);
			name = "[CP] Embed Pods Frameworks";
			outputFileListPaths = (
				"${PODS_ROOT}/Target Support Files/Pods-Scaning/Pods-Scaning-frameworks-${CONFIGURATION}-output-files.xcfilelist",
			);
			runOnlyForDeploymentPostprocessing = 0;
			shellPath = /bin/sh;
			shellScript = "\"${PODS_ROOT}/Target Support Files/Pods-Scaning/Pods-Scaning-frameworks.sh\"\n";
			showEnvVarsInLog = 0;
		};
/* End PBXShellScriptBuildPhase section */

/* Begin PBXSourcesBuildPhase section */
		7BCE2D6D29F51BA800B16495 /* Sources */ = {
			isa = PBXSourcesBuildPhase;
			buildActionMask = 2147483647;
			files = (
				7BBEB3392A160428003F5220 /* LRSafeInset+Window.swift in Sources */,
				7BBEB34E2A1617FE003F5220 /* LRLocalizableManager.swift in Sources */,
				7BBEB3412A161293003F5220 /* LRScaningCaptureView.swift in Sources */,
				7BCE2DB729F5377E00B16495 /* Int+Extension.swift in Sources */,
				7BBEB33F2A1606D1003F5220 /* LRScaningEnumFile.swift in Sources */,
				7BCE2DB229F5373600B16495 /* LRLoopVideoPlayer.swift in Sources */,
				7BCE2D7529F51BA800B16495 /* AppDelegate.swift in Sources */,
				7BCE2D7729F51BA800B16495 /* SceneDelegate.swift in Sources */,
				7BCE2DB329F5373600B16495 /* LRVideoPlayView.swift in Sources */,
				7BCE2D9429F51D7600B16495 /* LRScaningViewController.swift in Sources */,
				7BCE2DA329F5271700B16495 /* LRDDLogFileSub.swift in Sources */,
				7BCE2DB829F5377E00B16495 /* CMTime+Extension.swift in Sources */,
				7BCE2D8C29F51CCA00B16495 /* LRRootViewController.swift in Sources */,
				7BCE2DBB29F5390C00B16495 /* LRScaningPlayView.swift in Sources */,
				7BBEB33C2A1605D6003F5220 /* LRViewController+extension.swift in Sources */,
				7BCE2DA229F5271700B16495 /* Log.swift in Sources */,
				7BCE2DB129F5373600B16495 /* LRVideoPlayer.swift in Sources */,
				7BCE2D9D29F51DF500B16495 /* LRNavigationViewController.swift in Sources */,
				7BBEB3362A1601AF003F5220 /* LRScaningScrollView.swift in Sources */,
				7BCE2DA829F52D5400B16495 /* UIColor+Extension.swift in Sources */,
				7BCE2DAC29F52F6F00B16495 /* LRConstant.swift in Sources */,
			);
			runOnlyForDeploymentPostprocessing = 0;
		};
/* End PBXSourcesBuildPhase section */

/* Begin PBXVariantGroup section */
		7BBEB3482A161740003F5220 /* Localizable.strings */ = {
			isa = PBXVariantGroup;
			children = (
				7BBEB3472A161740003F5220 /* en */,
				7BBEB34B2A16175A003F5220 /* zh-Hans */,
			);
			name = Localizable.strings;
			sourceTree = "<group>";
		};
		7BCE2D7A29F51BA800B16495 /* Main.storyboard */ = {
			isa = PBXVariantGroup;
			children = (
				7BCE2D7B29F51BA800B16495 /* Base */,
				7BBEB3492A161759003F5220 /* zh-Hans */,
			);
			name = Main.storyboard;
			sourceTree = "<group>";
		};
		7BCE2D7F29F51BA900B16495 /* LaunchScreen.storyboard */ = {
			isa = PBXVariantGroup;
			children = (
				7BCE2D8029F51BA900B16495 /* Base */,
				7BBEB34A2A161759003F5220 /* zh-Hans */,
			);
			name = LaunchScreen.storyboard;
			sourceTree = "<group>";
		};
/* End PBXVariantGroup section */

/* Begin XCBuildConfiguration section */
		7BCE2D8329F51BA900B16495 /* Debug */ = {
			isa = XCBuildConfiguration;
			buildSettings = {
				ALWAYS_SEARCH_USER_PATHS = NO;
				CLANG_ANALYZER_LOCALIZABILITY_NONLOCALIZED = YES;
				CLANG_ANALYZER_NONNULL = YES;
				CLANG_ANALYZER_NUMBER_OBJECT_CONVERSION = YES_AGGRESSIVE;
				CLANG_CXX_LANGUAGE_STANDARD = "gnu++20";
				CLANG_ENABLE_MODULES = YES;
				CLANG_ENABLE_OBJC_ARC = YES;
				CLANG_ENABLE_OBJC_WEAK = YES;
				CLANG_WARN_BLOCK_CAPTURE_AUTORELEASING = YES;
				CLANG_WARN_BOOL_CONVERSION = YES;
				CLANG_WARN_COMMA = YES;
				CLANG_WARN_CONSTANT_CONVERSION = YES;
				CLANG_WARN_DEPRECATED_OBJC_IMPLEMENTATIONS = YES;
				CLANG_WARN_DIRECT_OBJC_ISA_USAGE = YES_ERROR;
				CLANG_WARN_DOCUMENTATION_COMMENTS = YES;
				CLANG_WARN_EMPTY_BODY = YES;
				CLANG_WARN_ENUM_CONVERSION = YES;
				CLANG_WARN_INFINITE_RECURSION = YES;
				CLANG_WARN_INT_CONVERSION = YES;
				CLANG_WARN_NON_LITERAL_NULL_CONVERSION = YES;
				CLANG_WARN_OBJC_IMPLICIT_RETAIN_SELF = YES;
				CLANG_WARN_OBJC_LITERAL_CONVERSION = YES;
				CLANG_WARN_OBJC_ROOT_CLASS = YES_ERROR;
				CLANG_WARN_QUOTED_INCLUDE_IN_FRAMEWORK_HEADER = YES;
				CLANG_WARN_RANGE_LOOP_ANALYSIS = YES;
				CLANG_WARN_STRICT_PROTOTYPES = YES;
				CLANG_WARN_SUSPICIOUS_MOVE = YES;
				CLANG_WARN_UNGUARDED_AVAILABILITY = YES_AGGRESSIVE;
				CLANG_WARN_UNREACHABLE_CODE = YES;
				CLANG_WARN__DUPLICATE_METHOD_MATCH = YES;
				COPY_PHASE_STRIP = NO;
				DEBUG_INFORMATION_FORMAT = dwarf;
				ENABLE_STRICT_OBJC_MSGSEND = YES;
				ENABLE_TESTABILITY = YES;
				GCC_C_LANGUAGE_STANDARD = gnu11;
				GCC_DYNAMIC_NO_PIC = NO;
				GCC_NO_COMMON_BLOCKS = YES;
				GCC_OPTIMIZATION_LEVEL = 0;
				GCC_PREPROCESSOR_DEFINITIONS = (
					"DEBUG=1",
					"$(inherited)",
				);
				GCC_WARN_64_TO_32_BIT_CONVERSION = YES;
				GCC_WARN_ABOUT_RETURN_TYPE = YES_ERROR;
				GCC_WARN_UNDECLARED_SELECTOR = YES;
				GCC_WARN_UNINITIALIZED_AUTOS = YES_AGGRESSIVE;
				GCC_WARN_UNUSED_FUNCTION = YES;
				GCC_WARN_UNUSED_VARIABLE = YES;
				IPHONEOS_DEPLOYMENT_TARGET = 16.2;
				MTL_ENABLE_DEBUG_INFO = INCLUDE_SOURCE;
				MTL_FAST_MATH = YES;
				ONLY_ACTIVE_ARCH = YES;
				SDKROOT = iphoneos;
				SWIFT_ACTIVE_COMPILATION_CONDITIONS = DEBUG;
				SWIFT_OPTIMIZATION_LEVEL = "-Onone";
			};
			name = Debug;
		};
		7BCE2D8429F51BA900B16495 /* Release */ = {
			isa = XCBuildConfiguration;
			buildSettings = {
				ALWAYS_SEARCH_USER_PATHS = NO;
				CLANG_ANALYZER_LOCALIZABILITY_NONLOCALIZED = YES;
				CLANG_ANALYZER_NONNULL = YES;
				CLANG_ANALYZER_NUMBER_OBJECT_CONVERSION = YES_AGGRESSIVE;
				CLANG_CXX_LANGUAGE_STANDARD = "gnu++20";
				CLANG_ENABLE_MODULES = YES;
				CLANG_ENABLE_OBJC_ARC = YES;
				CLANG_ENABLE_OBJC_WEAK = YES;
				CLANG_WARN_BLOCK_CAPTURE_AUTORELEASING = YES;
				CLANG_WARN_BOOL_CONVERSION = YES;
				CLANG_WARN_COMMA = YES;
				CLANG_WARN_CONSTANT_CONVERSION = YES;
				CLANG_WARN_DEPRECATED_OBJC_IMPLEMENTATIONS = YES;
				CLANG_WARN_DIRECT_OBJC_ISA_USAGE = YES_ERROR;
				CLANG_WARN_DOCUMENTATION_COMMENTS = YES;
				CLANG_WARN_EMPTY_BODY = YES;
				CLANG_WARN_ENUM_CONVERSION = YES;
				CLANG_WARN_INFINITE_RECURSION = YES;
				CLANG_WARN_INT_CONVERSION = YES;
				CLANG_WARN_NON_LITERAL_NULL_CONVERSION = YES;
				CLANG_WARN_OBJC_IMPLICIT_RETAIN_SELF = YES;
				CLANG_WARN_OBJC_LITERAL_CONVERSION = YES;
				CLANG_WARN_OBJC_ROOT_CLASS = YES_ERROR;
				CLANG_WARN_QUOTED_INCLUDE_IN_FRAMEWORK_HEADER = YES;
				CLANG_WARN_RANGE_LOOP_ANALYSIS = YES;
				CLANG_WARN_STRICT_PROTOTYPES = YES;
				CLANG_WARN_SUSPICIOUS_MOVE = YES;
				CLANG_WARN_UNGUARDED_AVAILABILITY = YES_AGGRESSIVE;
				CLANG_WARN_UNREACHABLE_CODE = YES;
				CLANG_WARN__DUPLICATE_METHOD_MATCH = YES;
				COPY_PHASE_STRIP = NO;
				DEBUG_INFORMATION_FORMAT = "dwarf-with-dsym";
				ENABLE_NS_ASSERTIONS = NO;
				ENABLE_STRICT_OBJC_MSGSEND = YES;
				GCC_C_LANGUAGE_STANDARD = gnu11;
				GCC_NO_COMMON_BLOCKS = YES;
				GCC_WARN_64_TO_32_BIT_CONVERSION = YES;
				GCC_WARN_ABOUT_RETURN_TYPE = YES_ERROR;
				GCC_WARN_UNDECLARED_SELECTOR = YES;
				GCC_WARN_UNINITIALIZED_AUTOS = YES_AGGRESSIVE;
				GCC_WARN_UNUSED_FUNCTION = YES;
				GCC_WARN_UNUSED_VARIABLE = YES;
				IPHONEOS_DEPLOYMENT_TARGET = 16.2;
				MTL_ENABLE_DEBUG_INFO = NO;
				MTL_FAST_MATH = YES;
				SDKROOT = iphoneos;
				SWIFT_COMPILATION_MODE = wholemodule;
				SWIFT_OPTIMIZATION_LEVEL = "-O";
				VALIDATE_PRODUCT = YES;
			};
			name = Release;
		};
		7BCE2D8629F51BA900B16495 /* Debug */ = {
			isa = XCBuildConfiguration;
			baseConfigurationReference = 7FA41F9C2BFA195BF25EAE00 /* Pods-Scaning.debug.xcconfig */;
			buildSettings = {
				ASSETCATALOG_COMPILER_APPICON_NAME = AppIcon;
				ASSETCATALOG_COMPILER_GLOBAL_ACCENT_COLOR_NAME = AccentColor;
				CODE_SIGN_STYLE = Automatic;
				CURRENT_PROJECT_VERSION = 1;
				DEVELOPMENT_TEAM = 8HR7KN9336;
				GENERATE_INFOPLIST_FILE = YES;
				INFOPLIST_FILE = Scaning/APPResource/Info.plist;
				INFOPLIST_KEY_CFBundleDisplayName = Scaning;
				INFOPLIST_KEY_UIApplicationSupportsIndirectInputEvents = YES;
				INFOPLIST_KEY_UILaunchStoryboardName = LaunchScreen;
				INFOPLIST_KEY_UIMainStoryboardFile = Main;
				INFOPLIST_KEY_UISupportedInterfaceOrientations_iPad = "UIInterfaceOrientationPortrait UIInterfaceOrientationPortraitUpsideDown UIInterfaceOrientationLandscapeLeft UIInterfaceOrientationLandscapeRight";
				INFOPLIST_KEY_UISupportedInterfaceOrientations_iPhone = "UIInterfaceOrientationPortrait UIInterfaceOrientationLandscapeLeft UIInterfaceOrientationLandscapeRight";
				IPHONEOS_DEPLOYMENT_TARGET = 14.0;
				LD_RUNPATH_SEARCH_PATHS = (
					"$(inherited)",
					"@executable_path/Frameworks",
				);
				MARKETING_VERSION = 1.0;
				PRODUCT_BUNDLE_IDENTIFIER = YC.Scaning;
				PRODUCT_NAME = "$(TARGET_NAME)";
				SWIFT_EMIT_LOC_STRINGS = YES;
				SWIFT_VERSION = 5.0;
				TARGETED_DEVICE_FAMILY = "1,2";
			};
			name = Debug;
		};
		7BCE2D8729F51BA900B16495 /* Release */ = {
			isa = XCBuildConfiguration;
			baseConfigurationReference = 42E43B63414A07771B4E36B1 /* Pods-Scaning.release.xcconfig */;
			buildSettings = {
				ASSETCATALOG_COMPILER_APPICON_NAME = AppIcon;
				ASSETCATALOG_COMPILER_GLOBAL_ACCENT_COLOR_NAME = AccentColor;
				CODE_SIGN_STYLE = Automatic;
				CURRENT_PROJECT_VERSION = 1;
				DEVELOPMENT_TEAM = 8HR7KN9336;
				GENERATE_INFOPLIST_FILE = YES;
				INFOPLIST_FILE = Scaning/APPResource/Info.plist;
				INFOPLIST_KEY_CFBundleDisplayName = Scaning;
				INFOPLIST_KEY_UIApplicationSupportsIndirectInputEvents = YES;
				INFOPLIST_KEY_UILaunchStoryboardName = LaunchScreen;
				INFOPLIST_KEY_UIMainStoryboardFile = Main;
				INFOPLIST_KEY_UISupportedInterfaceOrientations_iPad = "UIInterfaceOrientationPortrait UIInterfaceOrientationPortraitUpsideDown UIInterfaceOrientationLandscapeLeft UIInterfaceOrientationLandscapeRight";
				INFOPLIST_KEY_UISupportedInterfaceOrientations_iPhone = "UIInterfaceOrientationPortrait UIInterfaceOrientationLandscapeLeft UIInterfaceOrientationLandscapeRight";
				IPHONEOS_DEPLOYMENT_TARGET = 14.0;
				LD_RUNPATH_SEARCH_PATHS = (
					"$(inherited)",
					"@executable_path/Frameworks",
				);
				MARKETING_VERSION = 1.0;
				PRODUCT_BUNDLE_IDENTIFIER = YC.Scaning;
				PRODUCT_NAME = "$(TARGET_NAME)";
				SWIFT_EMIT_LOC_STRINGS = YES;
				SWIFT_VERSION = 5.0;
				TARGETED_DEVICE_FAMILY = "1,2";
			};
			name = Release;
		};
/* End XCBuildConfiguration section */

/* Begin XCConfigurationList section */
		7BCE2D6C29F51BA700B16495 /* Build configuration list for PBXProject "Scaning" */ = {
			isa = XCConfigurationList;
			buildConfigurations = (
				7BCE2D8329F51BA900B16495 /* Debug */,
				7BCE2D8429F51BA900B16495 /* Release */,
			);
			defaultConfigurationIsVisible = 0;
			defaultConfigurationName = Release;
		};
		7BCE2D8529F51BA900B16495 /* Build configuration list for PBXNativeTarget "Scaning" */ = {
			isa = XCConfigurationList;
			buildConfigurations = (
				7BCE2D8629F51BA900B16495 /* Debug */,
				7BCE2D8729F51BA900B16495 /* Release */,
			);
			defaultConfigurationIsVisible = 0;
			defaultConfigurationName = Release;
		};
/* End XCConfigurationList section */
	};
	rootObject = 7BCE2D6929F51BA700B16495 /* Project object */;
}
